
Microsoft Visual Studio Solution File, Format Version 12.00
# Visual Studio Version 17
VisualStudioVersion = 17.4.33213.308
MinimumVisualStudioVersion = 10.0.40219.1
Project("{FAE04EC0-301F-11D3-BF4B-00C04F79EFBC}") = "Nodo_Tecnologico", "Nodo_Tecnologico.csproj", "{B2431021-BBC1-4D66-A69F-D8741CEE3101}"
EndProject
Global
	GlobalSection(SolutionConfigurationPlatforms) = preSolution
		Debug|Any CPU = Debug|Any CPU
		Release|Any CPU = Release|Any CPU
	EndGlobalSection
	GlobalSection(ProjectConfigurationPlatforms) = postSolution
		{B2431021-BBC1-4D66-A69F-D8741CEE3101}.Debug|Any CPU.ActiveCfg = Debug|Any CPU
		{B2431021-BBC1-4D66-A69F-D8741CEE3101}.Debug|Any CPU.Build.0 = Debug|Any CPU
		{B2431021-BBC1-4D66-A69F-D8741CEE3101}.Debug|Any CPU.Deploy.0 = Debug|Any CPU
		{B2431021-BBC1-4D66-A69F-D8741CEE3101}.Release|Any CPU.ActiveCfg = Release|Any CPU
		{B2431021-BBC1-4D66-A69F-D8741CEE3101}.Release|Any CPU.Build.0 = Release|Any CPU
		{B2431021-BBC1-4D66-A69F-D8741CEE3101}.Release|Any CPU.Deploy.0 = Release|Any CPU
	EndGlobalSection
	GlobalSection(SolutionProperties) = preSolution
		HideSolutionNode = FALSE
	EndGlobalSection
	GlobalSection(ExtensibilityGlobals) = postSolution
		SolutionGuid = {912B4ED6-160F-4BBD-B0D1-BD417470CF7E}
	EndGlobalSection
EndGlobal
